
Microsoft Visual Studio Solution File, Format Version 12.00
# Visual Studio Version 17
VisualStudioVersion = 17.10.34928.147
MinimumVisualStudioVersion = 10.0.40219.1
Project("{FAE04EC0-301F-11D3-BF4B-00C04F79EFBC}") = "ScheduleManagement", "ScheduleManagement.csproj", "{F9385DF6-0C3E-4ABC-8A0D-A548BDEEDEA6}"
EndProject
Project("{FAE04EC0-301F-11D3-BF4B-00C04F79EFBC}") = "ScheduleManagement.Tests", "..\ScheduleManagement.Tests\ScheduleManagement.Tests.csproj", "{9A9EBCEF-CECE-48CF-9361-D18504FD2D40}"
EndProject
Global
	GlobalSection(SolutionConfigurationPlatforms) = preSolution
		Debug|Any CPU = Debug|Any CPU
		Release|Any CPU = Release|Any CPU
	EndGlobalSection
	GlobalSection(ProjectConfigurationPlatforms) = postSolution
		{F9385DF6-0C3E-4ABC-8A0D-A548BDEEDEA6}.Debug|Any CPU.ActiveCfg = Debug|Any CPU
		{F9385DF6-0C3E-4ABC-8A0D-A548BDEEDEA6}.Debug|Any CPU.Build.0 = Debug|Any CPU
		{F9385DF6-0C3E-4ABC-8A0D-A548BDEEDEA6}.Release|Any CPU.ActiveCfg = Release|Any CPU
		{F9385DF6-0C3E-4ABC-8A0D-A548BDEEDEA6}.Release|Any CPU.Build.0 = Release|Any CPU
		{9A9EBCEF-CECE-48CF-9361-D18504FD2D40}.Debug|Any CPU.ActiveCfg = Debug|Any CPU
		{9A9EBCEF-CECE-48CF-9361-D18504FD2D40}.Debug|Any CPU.Build.0 = Debug|Any CPU
		{9A9EBCEF-CECE-48CF-9361-D18504FD2D40}.Release|Any CPU.ActiveCfg = Release|Any CPU
		{9A9EBCEF-CECE-48CF-9361-D18504FD2D40}.Release|Any CPU.Build.0 = Release|Any CPU
	EndGlobalSection
	GlobalSection(SolutionProperties) = preSolution
		HideSolutionNode = FALSE
	EndGlobalSection
	GlobalSection(ExtensibilityGlobals) = postSolution
		SolutionGuid = {F4FE6586-C04C-4960-8A50-D36A23F87AA5}
	EndGlobalSection
EndGlobal
